// !$*UTF8*$!
{
	archiveVersion = 1;
	classes = {
	};
	objectVersion = 48;
	objects = {

/* Begin PBXBuildFile section */
		D80F60961FAF3B4D00E9016A /* AppDelegate.swift in Sources */ = {isa = PBXBuildFile; fileRef = D80F60951FAF3B4D00E9016A /* AppDelegate.swift */; };
		D80F60981FAF3B4D00E9016A /* ViewController.swift in Sources */ = {isa = PBXBuildFile; fileRef = D80F60971FAF3B4D00E9016A /* ViewController.swift */; };
		D80F609B1FAF3B4D00E9016A /* Main.storyboard in Resources */ = {isa = PBXBuildFile; fileRef = D80F60991FAF3B4D00E9016A /* Main.storyboard */; };
		D80F609D1FAF3B4D00E9016A /* Assets.xcassets in Resources */ = {isa = PBXBuildFile; fileRef = D80F609C1FAF3B4D00E9016A /* Assets.xcassets */; };
		D80F60A01FAF3B4D00E9016A /* LaunchScreen.storyboard in Resources */ = {isa = PBXBuildFile; fileRef = D80F609E1FAF3B4D00E9016A /* LaunchScreen.storyboard */; };
		D80F60AB1FAF3B4D00E9016A /* autolayoutsTests.swift in Sources */ = {isa = PBXBuildFile; fileRef = D80F60AA1FAF3B4D00E9016A /* autolayoutsTests.swift */; };
		D80F60B61FAF3B4E00E9016A /* autolayoutsUITests.swift in Sources */ = {isa = PBXBuildFile; fileRef = D80F60B51FAF3B4E00E9016A /* autolayoutsUITests.swift */; };
/* End PBXBuildFile section */

/* Begin PBXContainerItemProxy section */
		D80F60A71FAF3B4D00E9016A /* PBXContainerItemProxy */ = {
			isa = PBXContainerItemProxy;
			containerPortal = D80F608A1FAF3B4D00E9016A /* Project object */;
			proxyType = 1;
			remoteGlobalIDString = D80F60911FAF3B4D00E9016A;
			remoteInfo = autolayouts;
		};
		D80F60B21FAF3B4E00E9016A /* PBXContainerItemProxy */ = {
			isa = PBXContainerItemProxy;
			containerPortal = D80F608A1FAF3B4D00E9016A /* Project object */;
			proxyType = 1;
			remoteGlobalIDString = D80F60911FAF3B4D00E9016A;
			remoteInfo = autolayouts;
		};
/* End PBXContainerItemProxy section */

/* Begin PBXFileReference section */
		D80F60921FAF3B4D00E9016A /* autolayouts.app */ = {isa = PBXFileReference; explicitFileType = wrapper.application; includeInIndex = 0; path = autolayouts.app; sourceTree = BUILT_PRODUCTS_DIR; };
		D80F60951FAF3B4D00E9016A /* AppDelegate.swift */ = {isa = PBXFileReference; lastKnownFileType = sourcecode.swift; path = AppDelegate.swift; sourceTree = "<group>"; };
		D80F60971FAF3B4D00E9016A /* ViewController.swift */ = {isa = PBXFileReference; lastKnownFileType = sourcecode.swift; path = ViewController.swift; sourceTree = "<group>"; };
		D80F609A1FAF3B4D00E9016A /* Base */ = {isa = PBXFileReference; lastKnownFileType = file.storyboard; name = Base; path = Base.lproj/Main.storyboard; sourceTree = "<group>"; };
		D80F609C1FAF3B4D00E9016A /* Assets.xcassets */ = {isa = PBXFileReference; lastKnownFileType = folder.assetcatalog; path = Assets.xcassets; sourceTree = "<group>"; };
		D80F609F1FAF3B4D00E9016A /* Base */ = {isa = PBXFileReference; lastKnownFileType = file.storyboard; name = Base; path = Base.lproj/LaunchScreen.storyboard; sourceTree = "<group>"; };
		D80F60A11FAF3B4D00E9016A /* Info.plist */ = {isa = PBXFileReference; lastKnownFileType = text.plist.xml; path = Info.plist; sourceTree = "<group>"; };
		D80F60A61FAF3B4D00E9016A /* autolayoutsTests.xctest */ = {isa = PBXFileReference; explicitFileType = wrapper.cfbundle; includeInIndex = 0; path = autolayoutsTests.xctest; sourceTree = BUILT_PRODUCTS_DIR; };
		D80F60AA1FAF3B4D00E9016A /* autolayoutsTests.swift */ = {isa = PBXFileReference; lastKnownFileType = sourcecode.swift; path = autolayoutsTests.swift; sourceTree = "<group>"; };
		D80F60AC1FAF3B4D00E9016A /* Info.plist */ = {isa = PBXFileReference; lastKnownFileType = text.plist.xml; path = Info.plist; sourceTree = "<group>"; };
		D80F60B11FAF3B4E00E9016A /* autolayoutsUITests.xctest */ = {isa = PBXFileReference; explicitFileType = wrapper.cfbundle; includeInIndex = 0; path = autolayoutsUITests.xctest; sourceTree = BUILT_PRODUCTS_DIR; };
		D80F60B51FAF3B4E00E9016A /* autolayoutsUITests.swift */ = {isa = PBXFileReference; lastKnownFileType = sourcecode.swift; path = autolayoutsUITests.swift; sourceTree = "<group>"; };
		D80F60B71FAF3B4E00E9016A /* Info.plist */ = {isa = PBXFileReference; lastKnownFileType = text.plist.xml; path = Info.plist; sourceTree = "<group>"; };
/* End PBXFileReference section */

/* Begin PBXFrameworksBuildPhase section */
		D80F608F1FAF3B4D00E9016A /* Frameworks */ = {
			isa = PBXFrameworksBuildPhase;
			buildActionMask = 2147483647;
			files = (
			);
			runOnlyForDeploymentPostprocessing = 0;
		};
		D80F60A31FAF3B4D00E9016A /* Frameworks */ = {
			isa = PBXFrameworksBuildPhase;
			buildActionMask = 2147483647;
			files = (
			);
			runOnlyForDeploymentPostprocessing = 0;
		};
		D80F60AE1FAF3B4E00E9016A /* Frameworks */ = {
			isa = PBXFrameworksBuildPhase;
			buildActionMask = 2147483647;
			files = (
			);
			runOnlyForDeploymentPostprocessing = 0;
		};
/* End PBXFrameworksBuildPhase section */

/* Begin PBXGroup section */
		D80F60891FAF3B4D00E9016A = {
			isa = PBXGroup;
			children = (
				D80F60941FAF3B4D00E9016A /* autolayouts */,
				D80F60A91FAF3B4D00E9016A /* autolayoutsTests */,
				D80F60B41FAF3B4E00E9016A /* autolayoutsUITests */,
				D80F60931FAF3B4D00E9016A /* Products */,
			);
			sourceTree = "<group>";
		};
		D80F60931FAF3B4D00E9016A /* Products */ = {
			isa = PBXGroup;
			children = (
				D80F60921FAF3B4D00E9016A /* autolayouts.app */,
				D80F60A61FAF3B4D00E9016A /* autolayoutsTests.xctest */,
				D80F60B11FAF3B4E00E9016A /* autolayoutsUITests.xctest */,
			);
			name = Products;
			sourceTree = "<group>";
		};
		D80F60941FAF3B4D00E9016A /* autolayouts */ = {
			isa = PBXGroup;
			children = (
				D80F60951FAF3B4D00E9016A /* AppDelegate.swift */,
				D80F60971FAF3B4D00E9016A /* ViewController.swift */,
				D80F60991FAF3B4D00E9016A /* Main.storyboard */,
				D80F609C1FAF3B4D00E9016A /* Assets.xcassets */,
				D80F609E1FAF3B4D00E9016A /* LaunchScreen.storyboard */,
				D80F60A11FAF3B4D00E9016A /* Info.plist */,
			);
			path = autolayouts;
			sourceTree = "<group>";
		};
		D80F60A91FAF3B4D00E9016A /* autolayoutsTests */ = {
			isa = PBXGroup;
			children = (
				D80F60AA1FAF3B4D00E9016A /* autolayoutsTests.swift */,
				D80F60AC1FAF3B4D00E9016A /* Info.plist */,
			);
			path = autolayoutsTests;
			sourceTree = "<group>";
		};
		D80F60B41FAF3B4E00E9016A /* autolayoutsUITests */ = {
			isa = PBXGroup;
			children = (
				D80F60B51FAF3B4E00E9016A /* autolayoutsUITests.swift */,
				D80F60B71FAF3B4E00E9016A /* Info.plist */,
			);
			path = autolayoutsUITests;
			sourceTree = "<group>";
		};
/* End PBXGroup section */

/* Begin PBXNativeTarget section */
		D80F60911FAF3B4D00E9016A /* autolayouts */ = {
			isa = PBXNativeTarget;
			buildConfigurationList = D80F60BA1FAF3B4E00E9016A /* Build configuration list for PBXNativeTarget "autolayouts" */;
			buildPhases = (
				D80F608E1FAF3B4D00E9016A /* Sources */,
				D80F608F1FAF3B4D00E9016A /* Frameworks */,
				D80F60901FAF3B4D00E9016A /* Resources */,
			);
			buildRules = (
			);
			dependencies = (
			);
			name = autolayouts;
			productName = autolayouts;
			productReference = D80F60921FAF3B4D00E9016A /* autolayouts.app */;
			productType = "com.apple.product-type.application";
		};
		D80F60A51FAF3B4D00E9016A /* autolayoutsTests */ = {
			isa = PBXNativeTarget;
			buildConfigurationList = D80F60BD1FAF3B4E00E9016A /* Build configuration list for PBXNativeTarget "autolayoutsTests" */;
			buildPhases = (
				D80F60A21FAF3B4D00E9016A /* Sources */,
				D80F60A31FAF3B4D00E9016A /* Frameworks */,
				D80F60A41FAF3B4D00E9016A /* Resources */,
			);
			buildRules = (
			);
			dependencies = (
				D80F60A81FAF3B4D00E9016A /* PBXTargetDependency */,
			);
			name = autolayoutsTests;
			productName = autolayoutsTests;
			productReference = D80F60A61FAF3B4D00E9016A /* autolayoutsTests.xctest */;
			productType = "com.apple.product-type.bundle.unit-test";
		};
		D80F60B01FAF3B4E00E9016A /* autolayoutsUITests */ = {
			isa = PBXNativeTarget;
			buildConfigurationList = D80F60C01FAF3B4E00E9016A /* Build configuration list for PBXNativeTarget "autolayoutsUITests" */;
			buildPhases = (
				D80F60AD1FAF3B4E00E9016A /* Sources */,
				D80F60AE1FAF3B4E00E9016A /* Frameworks */,
				D80F60AF1FAF3B4E00E9016A /* Resources */,
			);
			buildRules = (
			);
			dependencies = (
				D80F60B31FAF3B4E00E9016A /* PBXTargetDependency */,
			);
			name = autolayoutsUITests;
			productName = autolayoutsUITests;
			productReference = D80F60B11FAF3B4E00E9016A /* autolayoutsUITests.xctest */;
			productType = "com.apple.product-type.bundle.ui-testing";
		};
/* End PBXNativeTarget section */

/* Begin PBXProject section */
		D80F608A1FAF3B4D00E9016A /* Project object */ = {
			isa = PBXProject;
			attributes = {
				LastSwiftUpdateCheck = 0910;
				LastUpgradeCheck = 0910;
				ORGANIZATIONNAME = "Dwayne Kavanagh";
				TargetAttributes = {
					D80F60911FAF3B4D00E9016A = {
						CreatedOnToolsVersion = 9.1;
						ProvisioningStyle = Automatic;
					};
					D80F60A51FAF3B4D00E9016A = {
						CreatedOnToolsVersion = 9.1;
						ProvisioningStyle = Automatic;
						TestTargetID = D80F60911FAF3B4D00E9016A;
					};
					D80F60B01FAF3B4E00E9016A = {
						CreatedOnToolsVersion = 9.1;
						ProvisioningStyle = Automatic;
						TestTargetID = D80F60911FAF3B4D00E9016A;
					};
				};
			};
			buildConfigurationList = D80F608D1FAF3B4D00E9016A /* Build configuration list for PBXProject "autolayouts" */;
			compatibilityVersion = "Xcode 8.0";
			developmentRegion = en;
			hasScannedForEncodings = 0;
			knownRegions = (
				en,
				Base,
			);
			mainGroup = D80F60891FAF3B4D00E9016A;
			productRefGroup = D80F60931FAF3B4D00E9016A /* Products */;
			projectDirPath = "";
			projectRoot = "";
			targets = (
				D80F60911FAF3B4D00E9016A /* autolayouts */,
				D80F60A51FAF3B4D00E9016A /* autolayoutsTests */,
				D80F60B01FAF3B4E00E9016A /* autolayoutsUITests */,
			);
		};
/* End PBXProject section */

/* Begin PBXResourcesBuildPhase section */
		D80F60901FAF3B4D00E9016A /* Resources */ = {
			isa = PBXResourcesBuildPhase;
			buildActionMask = 2147483647;
			files = (
				D80F60A01FAF3B4D00E9016A /* LaunchScreen.storyboard in Resources */,
				D80F609D1FAF3B4D00E9016A /* Assets.xcassets in Resources */,
				D80F609B1FAF3B4D00E9016A /* Main.storyboard in Resources */,
			);
			runOnlyForDeploymentPostprocessing = 0;
		};
		D80F60A41FAF3B4D00E9016A /* Resources */ = {
			isa = PBXResourcesBuildPhase;
			buildActionMask = 2147483647;
			files = (
			);
			runOnlyForDeploymentPostprocessing = 0;
		};
		D80F60AF1FAF3B4E00E9016A /* Resources */ = {
			isa = PBXResourcesBuildPhase;
			buildActionMask = 2147483647;
			files = (
			);
			runOnlyForDeploymentPostprocessing = 0;
		};
/* End PBXResourcesBuildPhase section */

/* Begin PBXSourcesBuildPhase section */
		D80F608E1FAF3B4D00E9016A /* Sources */ = {
			isa = PBXSourcesBuildPhase;
			buildActionMask = 2147483647;
			files = (
				D80F60981FAF3B4D00E9016A /* ViewController.swift in Sources */,
				D80F60961FAF3B4D00E9016A /* AppDelegate.swift in Sources */,
			);
			runOnlyForDeploymentPostprocessing = 0;
		};
		D80F60A21FAF3B4D00E9016A /* Sources */ = {
			isa = PBXSourcesBuildPhase;
			buildActionMask = 2147483647;
			files = (
				D80F60AB1FAF3B4D00E9016A /* autolayoutsTests.swift in Sources */,
			);
			runOnlyForDeploymentPostprocessing = 0;
		};
		D80F60AD1FAF3B4E00E9016A /* Sources */ = {
			isa = PBXSourcesBuildPhase;
			buildActionMask = 2147483647;
			files = (
				D80F60B61FAF3B4E00E9016A /* autolayoutsUITests.swift in Sources */,
			);
			runOnlyForDeploymentPostprocessing = 0;
		};
/* End PBXSourcesBuildPhase section */

/* Begin PBXTargetDependency section */
		D80F60A81FAF3B4D00E9016A /* PBXTargetDependency */ = {
			isa = PBXTargetDependency;
			target = D80F60911FAF3B4D00E9016A /* autolayouts */;
			targetProxy = D80F60A71FAF3B4D00E9016A /* PBXContainerItemProxy */;
		};
		D80F60B31FAF3B4E00E9016A /* PBXTargetDependency */ = {
			isa = PBXTargetDependency;
			target = D80F60911FAF3B4D00E9016A /* autolayouts */;
			targetProxy = D80F60B21FAF3B4E00E9016A /* PBXContainerItemProxy */;
		};
/* End PBXTargetDependency section */

/* Begin PBXVariantGroup section */
		D80F60991FAF3B4D00E9016A /* Main.storyboard */ = {
			isa = PBXVariantGroup;
			children = (
				D80F609A1FAF3B4D00E9016A /* Base */,
			);
			name = Main.storyboard;
			sourceTree = "<group>";
		};
		D80F609E1FAF3B4D00E9016A /* LaunchScreen.storyboard */ = {
			isa = PBXVariantGroup;
			children = (
				D80F609F1FAF3B4D00E9016A /* Base */,
			);
			name = LaunchScreen.storyboard;
			sourceTree = "<group>";
		};
/* End PBXVariantGroup section */

/* Begin XCBuildConfiguration section */
		D80F60B81FAF3B4E00E9016A /* Debug */ = {
			isa = XCBuildConfiguration;
			buildSettings = {
				ALWAYS_SEARCH_USER_PATHS = NO;
				CLANG_ANALYZER_NONNULL = YES;
				CLANG_ANALYZER_NUMBER_OBJECT_CONVERSION = YES_AGGRESSIVE;
				CLANG_CXX_LANGUAGE_STANDARD = "gnu++14";
				CLANG_CXX_LIBRARY = "libc++";
				CLANG_ENABLE_MODULES = YES;
				CLANG_ENABLE_OBJC_ARC = YES;
				CLANG_WARN_BLOCK_CAPTURE_AUTORELEASING = YES;
				CLANG_WARN_BOOL_CONVERSION = YES;
				CLANG_WARN_COMMA = YES;
				CLANG_WARN_CONSTANT_CONVERSION = YES;
				CLANG_WARN_DIRECT_OBJC_ISA_USAGE = YES_ERROR;
				CLANG_WARN_DOCUMENTATION_COMMENTS = YES;
				CLANG_WARN_EMPTY_BODY = YES;
				CLANG_WARN_ENUM_CONVERSION = YES;
				CLANG_WARN_INFINITE_RECURSION = YES;
				CLANG_WARN_INT_CONVERSION = YES;
				CLANG_WARN_NON_LITERAL_NULL_CONVERSION = YES;
				CLANG_WARN_OBJC_LITERAL_CONVERSION = YES;
				CLANG_WARN_OBJC_ROOT_CLASS = YES_ERROR;
				CLANG_WARN_RANGE_LOOP_ANALYSIS = YES;
				CLANG_WARN_STRICT_PROTOTYPES = YES;
				CLANG_WARN_SUSPICIOUS_MOVE = YES;
				CLANG_WARN_UNGUARDED_AVAILABILITY = YES_AGGRESSIVE;
				CLANG_WARN_UNREACHABLE_CODE = YES;
				CLANG_WARN__DUPLICATE_METHOD_MATCH = YES;
				CODE_SIGN_IDENTITY = "iPhone Developer";
				COPY_PHASE_STRIP = NO;
				DEBUG_INFORMATION_FORMAT = dwarf;
				ENABLE_STRICT_OBJC_MSGSEND = YES;
				ENABLE_TESTABILITY = YES;
				GCC_C_LANGUAGE_STANDARD = gnu11;
				GCC_DYNAMIC_NO_PIC = NO;
				GCC_NO_COMMON_BLOCKS = YES;
				GCC_OPTIMIZATION_LEVEL = 0;
				GCC_PREPROCESSOR_DEFINITIONS = (
					"DEBUG=1",
					"$(inherited)",
				);
				GCC_WARN_64_TO_32_BIT_CONVERSION = YES;
				GCC_WARN_ABOUT_RETURN_TYPE = YES_ERROR;
				GCC_WARN_UNDECLARED_SELECTOR = YES;
				GCC_WARN_UNINITIALIZED_AUTOS = YES_AGGRESSIVE;
				GCC_WARN_UNUSED_FUNCTION = YES;
				GCC_WARN_UNUSED_VARIABLE = YES;
				IPHONEOS_DEPLOYMENT_TARGET = 11.1;
				MTL_ENABLE_DEBUG_INFO = YES;
				ONLY_ACTIVE_ARCH = YES;
				SDKROOT = iphoneos;
				SWIFT_ACTIVE_COMPILATION_CONDITIONS = DEBUG;
				SWIFT_OPTIMIZATION_LEVEL = "-Onone";
			};
			name = Debug;
		};
		D80F60B91FAF3B4E00E9016A /* Release */ = {
			isa = XCBuildConfiguration;
			buildSettings = {
				ALWAYS_SEARCH_USER_PATHS = NO;
				CLANG_ANALYZER_NONNULL = YES;
				CLANG_ANALYZER_NUMBER_OBJECT_CONVERSION = YES_AGGRESSIVE;
				CLANG_CXX_LANGUAGE_STANDARD = "gnu++14";
				CLANG_CXX_LIBRARY = "libc++";
				CLANG_ENABLE_MODULES = YES;
				CLANG_ENABLE_OBJC_ARC = YES;
				CLANG_WARN_BLOCK_CAPTURE_AUTORELEASING = YES;
				CLANG_WARN_BOOL_CONVERSION = YES;
				CLANG_WARN_COMMA = YES;
				CLANG_WARN_CONSTANT_CONVERSION = YES;
				CLANG_WARN_DIRECT_OBJC_ISA_USAGE = YES_ERROR;
				CLANG_WARN_DOCUMENTATION_COMMENTS = YES;
				CLANG_WARN_EMPTY_BODY = YES;
				CLANG_WARN_ENUM_CONVERSION = YES;
				CLANG_WARN_INFINITE_RECURSION = YES;
				CLANG_WARN_INT_CONVERSION = YES;
				CLANG_WARN_NON_LITERAL_NULL_CONVERSION = YES;
				CLANG_WARN_OBJC_LITERAL_CONVERSION = YES;
				CLANG_WARN_OBJC_ROOT_CLASS = YES_ERROR;
				CLANG_WARN_RANGE_LOOP_ANALYSIS = YES;
				CLANG_WARN_STRICT_PROTOTYPES = YES;
				CLANG_WARN_SUSPICIOUS_MOVE = YES;
				CLANG_WARN_UNGUARDED_AVAILABILITY = YES_AGGRESSIVE;
				CLANG_WARN_UNREACHABLE_CODE = YES;
				CLANG_WARN__DUPLICATE_METHOD_MATCH = YES;
				CODE_SIGN_IDENTITY = "iPhone Developer";
				COPY_PHASE_STRIP = NO;
				DEBUG_INFORMATION_FORMAT = "dwarf-with-dsym";
				ENABLE_NS_ASSERTIONS = NO;
				ENABLE_STRICT_OBJC_MSGSEND = YES;
				GCC_C_LANGUAGE_STANDARD = gnu11;
				GCC_NO_COMMON_BLOCKS = YES;
				GCC_WARN_64_TO_32_BIT_CONVERSION = YES;
				GCC_WARN_ABOUT_RETURN_TYPE = YES_ERROR;
				GCC_WARN_UNDECLARED_SELECTOR = YES;
				GCC_WARN_UNINITIALIZED_AUTOS = YES_AGGRESSIVE;
				GCC_WARN_UNUSED_FUNCTION = YES;
				GCC_WARN_UNUSED_VARIABLE = YES;
				IPHONEOS_DEPLOYMENT_TARGET = 11.1;
				MTL_ENABLE_DEBUG_INFO = NO;
				SDKROOT = iphoneos;
				SWIFT_OPTIMIZATION_LEVEL = "-Owholemodule";
				VALIDATE_PRODUCT = YES;
			};
			name = Release;
		};
		D80F60BB1FAF3B4E00E9016A /* Debug */ = {
			isa = XCBuildConfiguration;
			buildSettings = {
				ASSETCATALOG_COMPILER_APPICON_NAME = AppIcon;
				CODE_SIGN_STYLE = Automatic;
				INFOPLIST_FILE = autolayouts/Info.plist;
				LD_RUNPATH_SEARCH_PATHS = "$(inherited) @executable_path/Frameworks";
				PRODUCT_BUNDLE_IDENTIFIER = "dwayne.hustle-mode.autolayouts";
				PRODUCT_NAME = "$(TARGET_NAME)";
				SWIFT_VERSION = 4.0;
				TARGETED_DEVICE_FAMILY = "1,2";
			};
			name = Debug;
		};
		D80F60BC1FAF3B4E00E9016A /* Release */ = {
			isa = XCBuildConfiguration;
			buildSettings = {
				ASSETCATALOG_COMPILER_APPICON_NAME = AppIcon;
				CODE_SIGN_STYLE = Automatic;
				INFOPLIST_FILE = autolayouts/Info.plist;
				LD_RUNPATH_SEARCH_PATHS = "$(inherited) @executable_path/Frameworks";
				PRODUCT_BUNDLE_IDENTIFIER = "dwayne.hustle-mode.autolayouts";
				PRODUCT_NAME = "$(TARGET_NAME)";
				SWIFT_VERSION = 4.0;
				TARGETED_DEVICE_FAMILY = "1,2";
			};
			name = Release;
		};
		D80F60BE1FAF3B4E00E9016A /* Debug */ = {
			isa = XCBuildConfiguration;
			buildSettings = {
				ALWAYS_EMBED_SWIFT_STANDARD_LIBRARIES = YES;
				BUNDLE_LOADER = "$(TEST_HOST)";
				CODE_SIGN_STYLE = Automatic;
				INFOPLIST_FILE = autolayoutsTests/Info.plist;
				LD_RUNPATH_SEARCH_PATHS = "$(inherited) @executable_path/Frameworks @loader_path/Frameworks";
				PRODUCT_BUNDLE_IDENTIFIER = "dwayne.hustle-mode.autolayoutsTests";
				PRODUCT_NAME = "$(TARGET_NAME)";
				SWIFT_VERSION = 4.0;
				TARGETED_DEVICE_FAMILY = "1,2";
				TEST_HOST = "$(BUILT_PRODUCTS_DIR)/autolayouts.app/autolayouts";
			};
			name = Debug;
		};
		D80F60BF1FAF3B4E00E9016A /* Release */ = {
			isa = XCBuildConfiguration;
			buildSettings = {
				ALWAYS_EMBED_SWIFT_STANDARD_LIBRARIES = YES;
				BUNDLE_LOADER = "$(TEST_HOST)";
				CODE_SIGN_STYLE = Automatic;
				INFOPLIST_FILE = autolayoutsTests/Info.plist;
				LD_RUNPATH_SEARCH_PATHS = "$(inherited) @executable_path/Frameworks @loader_path/Frameworks";
				PRODUCT_BUNDLE_IDENTIFIER = "dwayne.hustle-mode.autolayoutsTests";
				PRODUCT_NAME = "$(TARGET_NAME)";
				SWIFT_VERSION = 4.0;
				TARGETED_DEVICE_FAMILY = "1,2";
				TEST_HOST = "$(BUILT_PRODUCTS_DIR)/autolayouts.app/autolayouts";
			};
			name = Release;
		};
		D80F60C11FAF3B4E00E9016A /* Debug */ = {
			isa = XCBuildConfiguration;
			buildSettings = {
				ALWAYS_EMBED_SWIFT_STANDARD_LIBRARIES = YES;
				CODE_SIGN_STYLE = Automatic;
				INFOPLIST_FILE = autolayoutsUITests/Info.plist;
				LD_RUNPATH_SEARCH_PATHS = "$(inherited) @executable_path/Frameworks @loader_path/Frameworks";
				PRODUCT_BUNDLE_IDENTIFIER = "dwayne.hustle-mode.autolayoutsUITests";
				PRODUCT_NAME = "$(TARGET_NAME)";
				SWIFT_VERSION = 4.0;
				TARGETED_DEVICE_FAMILY = "1,2";
				TEST_TARGET_NAME = autolayouts;
			};
			name = Debug;
		};
		D80F60C21FAF3B4E00E9016A /* Release */ = {
			isa = XCBuildConfiguration;
			buildSettings = {
				ALWAYS_EMBED_SWIFT_STANDARD_LIBRARIES = YES;
				CODE_SIGN_STYLE = Automatic;
				INFOPLIST_FILE = autolayoutsUITests/Info.plist;
				LD_RUNPATH_SEARCH_PATHS = "$(inherited) @executable_path/Frameworks @loader_path/Frameworks";
				PRODUCT_BUNDLE_IDENTIFIER = "dwayne.hustle-mode.autolayoutsUITests";
				PRODUCT_NAME = "$(TARGET_NAME)";
				SWIFT_VERSION = 4.0;
				TARGETED_DEVICE_FAMILY = "1,2";
				TEST_TARGET_NAME = autolayouts;
			};
			name = Release;
		};
/* End XCBuildConfiguration section */

/* Begin XCConfigurationList section */
		D80F608D1FAF3B4D00E9016A /* Build configuration list for PBXProject "autolayouts" */ = {
			isa = XCConfigurationList;
			buildConfigurations = (
				D80F60B81FAF3B4E00E9016A /* Debug */,
				D80F60B91FAF3B4E00E9016A /* Release */,
			);
			defaultConfigurationIsVisible = 0;
			defaultConfigurationName = Release;
		};
		D80F60BA1FAF3B4E00E9016A /* Build configuration list for PBXNativeTarget "autolayouts" */ = {
			isa = XCConfigurationList;
			buildConfigurations = (
				D80F60BB1FAF3B4E00E9016A /* Debug */,
				D80F60BC1FAF3B4E00E9016A /* Release */,
			);
			defaultConfigurationIsVisible = 0;
			defaultConfigurationName = Release;
		};
		D80F60BD1FAF3B4E00E9016A /* Build configuration list for PBXNativeTarget "autolayoutsTests" */ = {
			isa = XCConfigurationList;
			buildConfigurations = (
				D80F60BE1FAF3B4E00E9016A /* Debug */,
				D80F60BF1FAF3B4E00E9016A /* Release */,
			);
			defaultConfigurationIsVisible = 0;
			defaultConfigurationName = Release;
		};
		D80F60C01FAF3B4E00E9016A /* Build configuration list for PBXNativeTarget "autolayoutsUITests" */ = {
			isa = XCConfigurationList;
			buildConfigurations = (
				D80F60C11FAF3B4E00E9016A /* Debug */,
				D80F60C21FAF3B4E00E9016A /* Release */,
			);
			defaultConfigurationIsVisible = 0;
			defaultConfigurationName = Release;
		};
/* End XCConfigurationList section */
	};
	rootObject = D80F608A1FAF3B4D00E9016A /* Project object */;
}
